
Microsoft Visual Studio Solution File, Format Version 12.00
# Visual Studio 2012
Project("{FAE04EC0-301F-11D3-BF4B-00C04F79EFBC}") = "VectorTypesFromCSharp", "VectorTypesFromCSharp\VectorTypesFromCSharp.csproj", "{745D0648-83BD-4820-A69D-3F26AEACADE2}"
EndProject
Project("{F2A71F9B-5D33-465A-A702-920D77279786}") = "VectorTypes", "VectorTypes\VectorTypes.fsproj", "{17C11BF8-6DCC-49C3-8A4A-ADCEFBAC7FF9}"
EndProject
Global
	GlobalSection(SolutionConfigurationPlatforms) = preSolution
		Debug|Any CPU = Debug|Any CPU
		Release|Any CPU = Release|Any CPU
	EndGlobalSection
	GlobalSection(ProjectConfigurationPlatforms) = postSolution
		{745D0648-83BD-4820-A69D-3F26AEACADE2}.Debug|Any CPU.ActiveCfg = Debug|Any CPU
		{745D0648-83BD-4820-A69D-3F26AEACADE2}.Debug|Any CPU.Build.0 = Debug|Any CPU
		{745D0648-83BD-4820-A69D-3F26AEACADE2}.Release|Any CPU.ActiveCfg = Release|Any CPU
		{745D0648-83BD-4820-A69D-3F26AEACADE2}.Release|Any CPU.Build.0 = Release|Any CPU
		{17C11BF8-6DCC-49C3-8A4A-ADCEFBAC7FF9}.Debug|Any CPU.ActiveCfg = Debug|Any CPU
		{17C11BF8-6DCC-49C3-8A4A-ADCEFBAC7FF9}.Debug|Any CPU.Build.0 = Debug|Any CPU
		{17C11BF8-6DCC-49C3-8A4A-ADCEFBAC7FF9}.Release|Any CPU.ActiveCfg = Release|Any CPU
		{17C11BF8-6DCC-49C3-8A4A-ADCEFBAC7FF9}.Release|Any CPU.Build.0 = Release|Any CPU
	EndGlobalSection
	GlobalSection(SolutionProperties) = preSolution
		HideSolutionNode = FALSE
	EndGlobalSection
EndGlobal
